{
  "name": "my-app",
  "version": "0.0.1.development",
  "lockfileVersion": 3,
  "requires": true,
  "packages": {
    "": {
      "name": "my-app",
      "version": "0.0.1.development",
      "license": "UNLICENSED",
      "workspaces": [
        "lib/*"
      ],
      "dependencies": {
        "clothiernamedjeremiah-package-one": "*",
        "clothiernamedjeremiah-package-two": "*"
      }
    },
    "lib/package-one": {
      "name": "clothiernamedjeremiah-package-one",
      "version": "1.1.0",
      "license": "UNLICENSED"
    },
    "lib/package-two": {
      "name": "clothiernamedjeremiah-package-two",
      "version": "1.1.0",
      "license": "UNLICENSED"
    },
    "node_modules/clothiernamedjeremiah-package-one": {
      "resolved": "lib/package-one",
      "link": true
    },
    "node_modules/clothiernamedjeremiah-package-two": {
      "resolved": "lib/package-two",
      "link": true
    }
  }
}
